{
	"name": "cjs",
	"version": "1.0.0",
	"lockfileVersion": 2,
	"requires": true,
	"packages": {
		"": {
			"name": "cjs",
			"version": "1.0.0",
			"dependencies": {
				"cep-any": "^3.0.0"
			}
		},
		"../../..": {
			"version": "3.0.1",
			"extraneous": true,
			"license": "MIT",
			"devDependencies": {
				"@swc/cli": "0.1.57",
				"@swc/core": "^1.2.223",
				"@swc/jest": "0.2.22",
				"cross-env": "7.0.3",
				"eslint": "^8.21.0",
				"jest": "28.1.3",
				"typescript": "4.7.4"
			},
			"engines": {
				"node": ">= 16.0.0"
			}
		},
		"node_modules/cep-any": {
			"version": "3.0.0",
			"resolved": "https://registry.npmjs.org/cep-any/-/cep-any-3.0.0.tgz",
			"integrity": "sha512-r6r85msy/7kuRTbpfYfM3/Amm19zPVhBz8+fCusoFXFIIAEmYwaFFv6LJq1V/ZcxAN6kfazKSuXisNAB6nx26A==",
			"engines": {
				"node": ">= 16.0.0"
			}
		}
	},
	"dependencies": {
		"cep-any": {
			"version": "3.0.0",
			"resolved": "https://registry.npmjs.org/cep-any/-/cep-any-3.0.0.tgz",
			"integrity": "sha512-r6r85msy/7kuRTbpfYfM3/Amm19zPVhBz8+fCusoFXFIIAEmYwaFFv6LJq1V/ZcxAN6kfazKSuXisNAB6nx26A=="
		}
	}
}
